
Microsoft Visual Studio Solution File, Format Version 12.00
# Visual Studio Version 17
VisualStudioVersion = 17.0.31903.59
MinimumVisualStudioVersion = 10.0.40219.1
Project("{2150E333-8FDC-42A3-9474-1A3956D46DE8}") = "src", "src", "{E39A7F45-5D11-4D86-800A-076863237AAC}"
EndProject
Project("{2150E333-8FDC-42A3-9474-1A3956D46DE8}") = "HexedTest.Library", "HexedTest.Library", "{AFFEE12B-8939-46E8-9781-EA995B131B48}"
EndProject
Project("{9A19103F-16F7-4668-BE54-9A1E7A4F7556}") = "HexedTest.Library.Domain", "HexedTest.Library.Domain\HexedTest.Library.Domain.csproj", "{551747F9-BE05-42D5-BA8E-118908CB686A}"
EndProject
Project("{9A19103F-16F7-4668-BE54-9A1E7A4F7556}") = "HexedTest.Library.Domain.Tests", "HexedTest.Library.Domain.Tests\HexedTest.Library.Domain.Tests.csproj", "{8DD05D53-ABA8-47B1-9EDC-A3931AA5170D}"
EndProject
Project("{2150E333-8FDC-42A3-9474-1A3956D46DE8}") = "Solution Items", "Solution Items", "{44841593-233E-4CC3-81F8-7E6F6A42E534}"
	ProjectSection(SolutionItems) = preProject
		.editorconfig = .editorconfig
	EndProjectSection
EndProject
Project("{2150E333-8FDC-42A3-9474-1A3956D46DE8}") = "HexedTest.Common", "HexedTest.Common", "{47AAAC10-3622-456C-AADF-863EF34622F1}"
EndProject
Project("{9A19103F-16F7-4668-BE54-9A1E7A4F7556}") = "HexedTest.Common", "HexedTest.Common\HexedTest.Common.csproj", "{A5A1430E-0728-4753-A380-7C0E2977B277}"
EndProject
Project("{9A19103F-16F7-4668-BE54-9A1E7A4F7556}") = "HexedTest.Library.Infrastructure", "HexedTest.Library.Infrastructure\HexedTest.Library.Infrastructure.csproj", "{21FC33E4-2E4A-4459-8BCF-140598118F8F}"
EndProject
Project("{9A19103F-16F7-4668-BE54-9A1E7A4F7556}") = "HexedTest.Library.Api", "HexedTest.Library.Api\HexedTest.Library.Api.csproj", "{107E39B2-E39E-493C-9518-3708CC311F3B}"
EndProject
Project("{9A19103F-16F7-4668-BE54-9A1E7A4F7556}") = "HexedTest.Library.IntegrationTests", "HexedTest.Library.IntegrationTests\HexedTest.Library.IntegrationTests.csproj", "{75E5DB2F-1F8D-40BD-910E-2FEA5F078CF7}"
EndProject
Project("{9A19103F-16F7-4668-BE54-9A1E7A4F7556}") = "HexedTest.Library.Projector", "HexedTest.Library.Projector\HexedTest.Library.Projector.csproj", "{C5B9F107-99CE-4575-ABC5-B479F5D32D55}"
EndProject
Project("{FAE04EC0-301F-11D3-BF4B-00C04F79EFBC}") = "HexedTest.Library.Query.Api", "HexedTest.Library.Query.Api\HexedTest.Library.Query.Api.csproj", "{3F24DFB9-3DFE-4AF7-90F2-9541C311E07D}"
EndProject
Global
	GlobalSection(SolutionConfigurationPlatforms) = preSolution
		Debug|Any CPU = Debug|Any CPU
		Release|Any CPU = Release|Any CPU
	EndGlobalSection
	GlobalSection(ProjectConfigurationPlatforms) = postSolution
		{551747F9-BE05-42D5-BA8E-118908CB686A}.Debug|Any CPU.ActiveCfg = Debug|Any CPU
		{551747F9-BE05-42D5-BA8E-118908CB686A}.Debug|Any CPU.Build.0 = Debug|Any CPU
		{551747F9-BE05-42D5-BA8E-118908CB686A}.Release|Any CPU.ActiveCfg = Release|Any CPU
		{551747F9-BE05-42D5-BA8E-118908CB686A}.Release|Any CPU.Build.0 = Release|Any CPU
		{8DD05D53-ABA8-47B1-9EDC-A3931AA5170D}.Debug|Any CPU.ActiveCfg = Debug|Any CPU
		{8DD05D53-ABA8-47B1-9EDC-A3931AA5170D}.Debug|Any CPU.Build.0 = Debug|Any CPU
		{8DD05D53-ABA8-47B1-9EDC-A3931AA5170D}.Release|Any CPU.ActiveCfg = Release|Any CPU
		{8DD05D53-ABA8-47B1-9EDC-A3931AA5170D}.Release|Any CPU.Build.0 = Release|Any CPU
		{A5A1430E-0728-4753-A380-7C0E2977B277}.Debug|Any CPU.ActiveCfg = Debug|Any CPU
		{A5A1430E-0728-4753-A380-7C0E2977B277}.Debug|Any CPU.Build.0 = Debug|Any CPU
		{A5A1430E-0728-4753-A380-7C0E2977B277}.Release|Any CPU.ActiveCfg = Release|Any CPU
		{A5A1430E-0728-4753-A380-7C0E2977B277}.Release|Any CPU.Build.0 = Release|Any CPU
		{21FC33E4-2E4A-4459-8BCF-140598118F8F}.Debug|Any CPU.ActiveCfg = Debug|Any CPU
		{21FC33E4-2E4A-4459-8BCF-140598118F8F}.Debug|Any CPU.Build.0 = Debug|Any CPU
		{21FC33E4-2E4A-4459-8BCF-140598118F8F}.Release|Any CPU.ActiveCfg = Release|Any CPU
		{21FC33E4-2E4A-4459-8BCF-140598118F8F}.Release|Any CPU.Build.0 = Release|Any CPU
		{107E39B2-E39E-493C-9518-3708CC311F3B}.Debug|Any CPU.ActiveCfg = Debug|Any CPU
		{107E39B2-E39E-493C-9518-3708CC311F3B}.Debug|Any CPU.Build.0 = Debug|Any CPU
		{107E39B2-E39E-493C-9518-3708CC311F3B}.Release|Any CPU.ActiveCfg = Release|Any CPU
		{107E39B2-E39E-493C-9518-3708CC311F3B}.Release|Any CPU.Build.0 = Release|Any CPU
		{75E5DB2F-1F8D-40BD-910E-2FEA5F078CF7}.Debug|Any CPU.ActiveCfg = Debug|Any CPU
		{75E5DB2F-1F8D-40BD-910E-2FEA5F078CF7}.Debug|Any CPU.Build.0 = Debug|Any CPU
		{75E5DB2F-1F8D-40BD-910E-2FEA5F078CF7}.Release|Any CPU.ActiveCfg = Release|Any CPU
		{75E5DB2F-1F8D-40BD-910E-2FEA5F078CF7}.Release|Any CPU.Build.0 = Release|Any CPU
		{C5B9F107-99CE-4575-ABC5-B479F5D32D55}.Debug|Any CPU.ActiveCfg = Debug|Any CPU
		{C5B9F107-99CE-4575-ABC5-B479F5D32D55}.Debug|Any CPU.Build.0 = Debug|Any CPU
		{C5B9F107-99CE-4575-ABC5-B479F5D32D55}.Release|Any CPU.ActiveCfg = Release|Any CPU
		{C5B9F107-99CE-4575-ABC5-B479F5D32D55}.Release|Any CPU.Build.0 = Release|Any CPU
		{3F24DFB9-3DFE-4AF7-90F2-9541C311E07D}.Debug|Any CPU.ActiveCfg = Debug|Any CPU
		{3F24DFB9-3DFE-4AF7-90F2-9541C311E07D}.Debug|Any CPU.Build.0 = Debug|Any CPU
		{3F24DFB9-3DFE-4AF7-90F2-9541C311E07D}.Release|Any CPU.ActiveCfg = Release|Any CPU
		{3F24DFB9-3DFE-4AF7-90F2-9541C311E07D}.Release|Any CPU.Build.0 = Release|Any CPU
	EndGlobalSection
	GlobalSection(SolutionProperties) = preSolution
		HideSolutionNode = FALSE
	EndGlobalSection
	GlobalSection(NestedProjects) = preSolution
		{AFFEE12B-8939-46E8-9781-EA995B131B48} = {E39A7F45-5D11-4D86-800A-076863237AAC}
		{551747F9-BE05-42D5-BA8E-118908CB686A} = {AFFEE12B-8939-46E8-9781-EA995B131B48}
		{8DD05D53-ABA8-47B1-9EDC-A3931AA5170D} = {AFFEE12B-8939-46E8-9781-EA995B131B48}
		{47AAAC10-3622-456C-AADF-863EF34622F1} = {E39A7F45-5D11-4D86-800A-076863237AAC}
		{A5A1430E-0728-4753-A380-7C0E2977B277} = {47AAAC10-3622-456C-AADF-863EF34622F1}
		{21FC33E4-2E4A-4459-8BCF-140598118F8F} = {AFFEE12B-8939-46E8-9781-EA995B131B48}
		{107E39B2-E39E-493C-9518-3708CC311F3B} = {AFFEE12B-8939-46E8-9781-EA995B131B48}
		{75E5DB2F-1F8D-40BD-910E-2FEA5F078CF7} = {AFFEE12B-8939-46E8-9781-EA995B131B48}
		{C5B9F107-99CE-4575-ABC5-B479F5D32D55} = {AFFEE12B-8939-46E8-9781-EA995B131B48}
		{3F24DFB9-3DFE-4AF7-90F2-9541C311E07D} = {AFFEE12B-8939-46E8-9781-EA995B131B48}
	EndGlobalSection
	GlobalSection(ExtensibilityGlobals) = postSolution
		SolutionGuid = {E87244EE-3620-418A-866D-62DAC7C06805}
	EndGlobalSection
EndGlobal
